// !$*UTF8*$!
{
	archiveVersion = 1;
	classes = {
	};
	objectVersion = 46;
	objects = {

/* Begin PBXBuildFile section */
		023E524221291A5A00213696 /* DJIWidget.framework in Frameworks */ = {isa = PBXBuildFile; fileRef = 0282DA8021291A2A00D8F1E0 /* DJIWidget.framework */; };
		023E524321291A6700213696 /* DJIWidget.framework in Embed Frameworks */ = {isa = PBXBuildFile; fileRef = 0282DA8021291A2A00D8F1E0 /* DJIWidget.framework */; settings = {ATTRIBUTES = (CodeSignOnCopy, RemoveHeadersOnCopy, ); }; };
		761FE6A7745B5BF63F1C9084 /* libPods-DJISDKSwiftDemo.a in Frameworks */ = {isa = PBXBuildFile; fileRef = 35702EDA2BFBC311B4EA2D03 /* libPods-DJISDKSwiftDemo.a */; };
		8F79DA6C2138642E00800117 /* ViewController.swift in Sources */ = {isa = PBXBuildFile; fileRef = 8F79DA6B2138642E00800117 /* ViewController.swift */; };
		A4698547212E9091001A1F08 /* FFmpeg.framework in Frameworks */ = {isa = PBXBuildFile; fileRef = A4698546212E9091001A1F08 /* FFmpeg.framework */; };
		A4698548212E9091001A1F08 /* FFmpeg.framework in Embed Frameworks */ = {isa = PBXBuildFile; fileRef = A4698546212E9091001A1F08 /* FFmpeg.framework */; settings = {ATTRIBUTES = (CodeSignOnCopy, RemoveHeadersOnCopy, ); }; };
		A47868D7209AC6DA00DBC666 /* AppDelegate.swift in Sources */ = {isa = PBXBuildFile; fileRef = A47868C5209AC6DA00DBC666 /* AppDelegate.swift */; };
		A47868D8209AC6DA00DBC666 /* Assets.xcassets in Resources */ = {isa = PBXBuildFile; fileRef = A47868C6209AC6DA00DBC666 /* Assets.xcassets */; };
		A47868D9209AC6DA00DBC666 /* LaunchScreen.storyboard in Resources */ = {isa = PBXBuildFile; fileRef = A47868C7209AC6DA00DBC666 /* LaunchScreen.storyboard */; };
		A47868DA209AC6DA00DBC666 /* Main.storyboard in Resources */ = {isa = PBXBuildFile; fileRef = A47868C9209AC6DA00DBC666 /* Main.storyboard */; };
		A47868DC209AC6DA00DBC666 /* Info.plist in Resources */ = {isa = PBXBuildFile; fileRef = A47868CC209AC6DA00DBC666 /* Info.plist */; };
/* End PBXBuildFile section */

/* Begin PBXContainerItemProxy section */
		0282DA7F21291A2A00D8F1E0 /* PBXContainerItemProxy */ = {
			isa = PBXContainerItemProxy;
			containerPortal = 0282DA7B21291A2A00D8F1E0 /* DJIWidget.xcodeproj */;
			proxyType = 2;
			remoteGlobalIDString = 2E54A2CD1F4A904000916B4D;
			remoteInfo = DJIWidget;
		};
/* End PBXContainerItemProxy section */

/* Begin PBXCopyFilesBuildPhase section */
		86985DA41E8356C600577EC7 /* Embed Frameworks */ = {
			isa = PBXCopyFilesBuildPhase;
			buildActionMask = 2147483647;
			dstPath = "";
			dstSubfolderSpec = 10;
			files = (
				023E524321291A6700213696 /* DJIWidget.framework in Embed Frameworks */,
				A4698548212E9091001A1F08 /* FFmpeg.framework in Embed Frameworks */,
			);
			name = "Embed Frameworks";
			runOnlyForDeploymentPostprocessing = 0;
		};
/* End PBXCopyFilesBuildPhase section */

/* Begin PBXFileReference section */
		01FEF4543333DD2E34BDA196 /* Pods-DJISDKSwiftDemo.release.xcconfig */ = {isa = PBXFileReference; includeInIndex = 1; lastKnownFileType = text.xcconfig; name = "Pods-DJISDKSwiftDemo.release.xcconfig"; path = "Pods/Target Support Files/Pods-DJISDKSwiftDemo/Pods-DJISDKSwiftDemo.release.xcconfig"; sourceTree = "<group>"; };
		0282DA7B21291A2A00D8F1E0 /* DJIWidget.xcodeproj */ = {isa = PBXFileReference; lastKnownFileType = "wrapper.pb-project"; name = DJIWidget.xcodeproj; path = ../DJIWidget/DJIWidget.xcodeproj; sourceTree = "<group>"; };
		35702EDA2BFBC311B4EA2D03 /* libPods-DJISDKSwiftDemo.a */ = {isa = PBXFileReference; explicitFileType = archive.ar; includeInIndex = 0; path = "libPods-DJISDKSwiftDemo.a"; sourceTree = BUILT_PRODUCTS_DIR; };
		732A7A3F73F66CAD280116FA /* Pods-DJISDKSwiftDemo.debug.xcconfig */ = {isa = PBXFileReference; includeInIndex = 1; lastKnownFileType = text.xcconfig; name = "Pods-DJISDKSwiftDemo.debug.xcconfig"; path = "Pods/Target Support Files/Pods-DJISDKSwiftDemo/Pods-DJISDKSwiftDemo.debug.xcconfig"; sourceTree = "<group>"; };
		86985CC91E834EC200577EC7 /* DJISDKSwiftDemo.app */ = {isa = PBXFileReference; explicitFileType = wrapper.application; includeInIndex = 0; path = DJISDKSwiftDemo.app; sourceTree = BUILT_PRODUCTS_DIR; };
		8F79DA6B2138642E00800117 /* ViewController.swift */ = {isa = PBXFileReference; fileEncoding = 4; lastKnownFileType = sourcecode.swift; path = ViewController.swift; sourceTree = "<group>"; };
		A4698546212E9091001A1F08 /* FFmpeg.framework */ = {isa = PBXFileReference; lastKnownFileType = wrapper.framework; name = FFmpeg.framework; path = ../DJIWidget/FFmpeg/FFmpeg.framework; sourceTree = "<group>"; };
		A47868C5209AC6DA00DBC666 /* AppDelegate.swift */ = {isa = PBXFileReference; fileEncoding = 4; lastKnownFileType = sourcecode.swift; path = AppDelegate.swift; sourceTree = "<group>"; };
		A47868C6209AC6DA00DBC666 /* Assets.xcassets */ = {isa = PBXFileReference; lastKnownFileType = folder.assetcatalog; path = Assets.xcassets; sourceTree = "<group>"; };
		A47868C8209AC6DA00DBC666 /* Base */ = {isa = PBXFileReference; lastKnownFileType = file.storyboard; name = Base; path = Base.lproj/LaunchScreen.storyboard; sourceTree = "<group>"; };
		A47868CA209AC6DA00DBC666 /* Base */ = {isa = PBXFileReference; lastKnownFileType = file.storyboard; name = Base; path = Base.lproj/Main.storyboard; sourceTree = "<group>"; };
		A47868CC209AC6DA00DBC666 /* Info.plist */ = {isa = PBXFileReference; fileEncoding = 4; lastKnownFileType = text.plist.xml; path = Info.plist; sourceTree = "<group>"; };
/* End PBXFileReference section */

/* Begin PBXFrameworksBuildPhase section */
		86985CC61E834EC200577EC7 /* Frameworks */ = {
			isa = PBXFrameworksBuildPhase;
			buildActionMask = 2147483647;
			files = (
				023E524221291A5A00213696 /* DJIWidget.framework in Frameworks */,
				A4698547212E9091001A1F08 /* FFmpeg.framework in Frameworks */,
				761FE6A7745B5BF63F1C9084 /* libPods-DJISDKSwiftDemo.a in Frameworks */,
			);
			runOnlyForDeploymentPostprocessing = 0;
		};
/* End PBXFrameworksBuildPhase section */

/* Begin PBXGroup section */
		0282DA7C21291A2A00D8F1E0 /* Products */ = {
			isa = PBXGroup;
			children = (
				0282DA8021291A2A00D8F1E0 /* DJIWidget.framework */,
			);
			name = Products;
			sourceTree = "<group>";
		};
		0B6F263FBC093B7B6FB6EF51 /* Frameworks */ = {
			isa = PBXGroup;
			children = (
				A4698546212E9091001A1F08 /* FFmpeg.framework */,
				0282DA7B21291A2A00D8F1E0 /* DJIWidget.xcodeproj */,
				35702EDA2BFBC311B4EA2D03 /* libPods-DJISDKSwiftDemo.a */,
			);
			name = Frameworks;
			sourceTree = "<group>";
		};
		86985CC01E834EC200577EC7 = {
			isa = PBXGroup;
			children = (
				A47868C4209AC6DA00DBC666 /* DJISDKSwiftDemo */,
				86985CCA1E834EC200577EC7 /* Products */,
				0B6F263FBC093B7B6FB6EF51 /* Frameworks */,
				CC7D9749F985FD4A39F03D44 /* Pods */,
			);
			sourceTree = "<group>";
		};
		86985CCA1E834EC200577EC7 /* Products */ = {
			isa = PBXGroup;
			children = (
				86985CC91E834EC200577EC7 /* DJISDKSwiftDemo.app */,
			);
			name = Products;
			sourceTree = "<group>";
		};
		A47868C4209AC6DA00DBC666 /* DJISDKSwiftDemo */ = {
			isa = PBXGroup;
			children = (
				A47868C6209AC6DA00DBC666 /* Assets.xcassets */,
				A47868C7209AC6DA00DBC666 /* LaunchScreen.storyboard */,
				A47868C9209AC6DA00DBC666 /* Main.storyboard */,
				A47868C5209AC6DA00DBC666 /* AppDelegate.swift */,
				8F79DA6B2138642E00800117 /* ViewController.swift */,
				A47868CC209AC6DA00DBC666 /* Info.plist */,
			);
			path = DJISDKSwiftDemo;
			sourceTree = "<group>";
		};
		CC7D9749F985FD4A39F03D44 /* Pods */ = {
			isa = PBXGroup;
			children = (
				732A7A3F73F66CAD280116FA /* Pods-DJISDKSwiftDemo.debug.xcconfig */,
				01FEF4543333DD2E34BDA196 /* Pods-DJISDKSwiftDemo.release.xcconfig */,
			);
			name = Pods;
			sourceTree = "<group>";
		};
/* End PBXGroup section */

/* Begin PBXNativeTarget section */
		86985CC81E834EC200577EC7 /* DJISDKSwiftDemo */ = {
			isa = PBXNativeTarget;
			buildConfigurationList = 86985CDD1E834EC200577EC7 /* Build configuration list for PBXNativeTarget "DJISDKSwiftDemo" */;
			buildPhases = (
				A79CEC431EDA64E2E2E2240E /* [CP] Check Pods Manifest.lock */,
				86985CC51E834EC200577EC7 /* Sources */,
				86985CC61E834EC200577EC7 /* Frameworks */,
				86985CC71E834EC200577EC7 /* Resources */,
				86985DA41E8356C600577EC7 /* Embed Frameworks */,
				FEFBE83CF9ACD2D368988C3C /* [CP] Embed Pods Frameworks */,
			);
			buildRules = (
			);
			dependencies = (
			);
			name = DJISDKSwiftDemo;
			productName = "SDK Swift Sample";
			productReference = 86985CC91E834EC200577EC7 /* DJISDKSwiftDemo.app */;
			productType = "com.apple.product-type.application";
		};
/* End PBXNativeTarget section */

/* Begin PBXProject section */
		86985CC11E834EC200577EC7 /* Project object */ = {
			isa = PBXProject;
			attributes = {
				LastSwiftUpdateCheck = 0820;
				LastUpgradeCheck = 0820;
				ORGANIZATIONNAME = DJI;
				TargetAttributes = {
					86985CC81E834EC200577EC7 = {
						CreatedOnToolsVersion = 8.2.1;
						DevelopmentTeam = 9298L72H97;
						ProvisioningStyle = Automatic;
					};
				};
			};
			buildConfigurationList = 86985CC41E834EC200577EC7 /* Build configuration list for PBXProject "DJISDKSwiftDemo" */;
			compatibilityVersion = "Xcode 3.2";
			developmentRegion = English;
			hasScannedForEncodings = 0;
			knownRegions = (
				en,
				Base,
			);
			mainGroup = 86985CC01E834EC200577EC7;
			productRefGroup = 86985CCA1E834EC200577EC7 /* Products */;
			projectDirPath = "";
			projectReferences = (
				{
					ProductGroup = 0282DA7C21291A2A00D8F1E0 /* Products */;
					ProjectRef = 0282DA7B21291A2A00D8F1E0 /* DJIWidget.xcodeproj */;
				},
			);
			projectRoot = "";
			targets = (
				86985CC81E834EC200577EC7 /* DJISDKSwiftDemo */,
			);
		};
/* End PBXProject section */

/* Begin PBXReferenceProxy section */
		0282DA8021291A2A00D8F1E0 /* DJIWidget.framework */ = {
			isa = PBXReferenceProxy;
			fileType = wrapper.framework;
			path = DJIWidget.framework;
			remoteRef = 0282DA7F21291A2A00D8F1E0 /* PBXContainerItemProxy */;
			sourceTree = BUILT_PRODUCTS_DIR;
		};
/* End PBXReferenceProxy section */

/* Begin PBXResourcesBuildPhase section */
		86985CC71E834EC200577EC7 /* Resources */ = {
			isa = PBXResourcesBuildPhase;
			buildActionMask = 2147483647;
			files = (
				A47868DC209AC6DA00DBC666 /* Info.plist in Resources */,
				A47868DA209AC6DA00DBC666 /* Main.storyboard in Resources */,
				A47868D8209AC6DA00DBC666 /* Assets.xcassets in Resources */,
				A47868D9209AC6DA00DBC666 /* LaunchScreen.storyboard in Resources */,
			);
			runOnlyForDeploymentPostprocessing = 0;
		};
/* End PBXResourcesBuildPhase section */

/* Begin PBXShellScriptBuildPhase section */
		A79CEC431EDA64E2E2E2240E /* [CP] Check Pods Manifest.lock */ = {
			isa = PBXShellScriptBuildPhase;
			buildActionMask = 2147483647;
			files = (
			);
			inputPaths = (
				"${PODS_PODFILE_DIR_PATH}/Podfile.lock",
				"${PODS_ROOT}/Manifest.lock",
			);
			name = "[CP] Check Pods Manifest.lock";
			outputPaths = (
				"$(DERIVED_FILE_DIR)/Pods-DJISDKSwiftDemo-checkManifestLockResult.txt",
			);
			runOnlyForDeploymentPostprocessing = 0;
			shellPath = /bin/sh;
			shellScript = "diff \"${PODS_PODFILE_DIR_PATH}/Podfile.lock\" \"${PODS_ROOT}/Manifest.lock\" > /dev/null\nif [ $? != 0 ] ; then\n    # print error to STDERR\n    echo \"error: The sandbox is not in sync with the Podfile.lock. Run 'pod install' or update your CocoaPods installation.\" >&2\n    exit 1\nfi\n# This output is used by Xcode 'outputs' to avoid re-running this script phase.\necho \"SUCCESS\" > \"${SCRIPT_OUTPUT_FILE_0}\"\n";
			showEnvVarsInLog = 0;
		};
		FEFBE83CF9ACD2D368988C3C /* [CP] Embed Pods Frameworks */ = {
			isa = PBXShellScriptBuildPhase;
			buildActionMask = 2147483647;
			files = (
			);
			inputPaths = (
				"${SRCROOT}/Pods/Target Support Files/Pods-DJISDKSwiftDemo/Pods-DJISDKSwiftDemo-frameworks.sh",
				"${PODS_ROOT}/DJI-SDK-iOS/iOS_Mobile_SDK/DJISDK.framework",
			);
			name = "[CP] Embed Pods Frameworks";
			outputPaths = (
				"${TARGET_BUILD_DIR}/${FRAMEWORKS_FOLDER_PATH}/DJISDK.framework",
			);
			runOnlyForDeploymentPostprocessing = 0;
			shellPath = /bin/sh;
			shellScript = "\"${SRCROOT}/Pods/Target Support Files/Pods-DJISDKSwiftDemo/Pods-DJISDKSwiftDemo-frameworks.sh\"\n";
			showEnvVarsInLog = 0;
		};
/* End PBXShellScriptBuildPhase section */

/* Begin PBXSourcesBuildPhase section */
		86985CC51E834EC200577EC7 /* Sources */ = {
			isa = PBXSourcesBuildPhase;
			buildActionMask = 2147483647;
			files = (
				8F79DA6C2138642E00800117 /* ViewController.swift in Sources */,
				A47868D7209AC6DA00DBC666 /* AppDelegate.swift in Sources */,
			);
			runOnlyForDeploymentPostprocessing = 0;
		};
/* End PBXSourcesBuildPhase section */

/* Begin PBXVariantGroup section */
		A47868C7209AC6DA00DBC666 /* LaunchScreen.storyboard */ = {
			isa = PBXVariantGroup;
			children = (
				A47868C8209AC6DA00DBC666 /* Base */,
			);
			name = LaunchScreen.storyboard;
			sourceTree = "<group>";
		};
		A47868C9209AC6DA00DBC666 /* Main.storyboard */ = {
			isa = PBXVariantGroup;
			children = (
				A47868CA209AC6DA00DBC666 /* Base */,
			);
			name = Main.storyboard;
			sourceTree = "<group>";
		};
/* End PBXVariantGroup section */

/* Begin XCBuildConfiguration section */
		86985CDB1E834EC200577EC7 /* Debug */ = {
			isa = XCBuildConfiguration;
			buildSettings = {
				ALWAYS_SEARCH_USER_PATHS = NO;
				CLANG_ALLOW_NON_MODULAR_INCLUDES_IN_FRAMEWORK_MODULES = YES;
				CLANG_ANALYZER_NONNULL = YES;
				CLANG_CXX_LANGUAGE_STANDARD = "gnu++0x";
				CLANG_CXX_LIBRARY = "libc++";
				CLANG_ENABLE_MODULES = YES;
				CLANG_ENABLE_OBJC_ARC = YES;
				CLANG_WARN_BOOL_CONVERSION = YES;
				CLANG_WARN_CONSTANT_CONVERSION = YES;
				CLANG_WARN_DIRECT_OBJC_ISA_USAGE = YES_ERROR;
				CLANG_WARN_DOCUMENTATION_COMMENTS = YES;
				CLANG_WARN_EMPTY_BODY = YES;
				CLANG_WARN_ENUM_CONVERSION = YES;
				CLANG_WARN_INFINITE_RECURSION = YES;
				CLANG_WARN_INT_CONVERSION = YES;
				CLANG_WARN_OBJC_ROOT_CLASS = YES_ERROR;
				CLANG_WARN_SUSPICIOUS_MOVE = YES;
				CLANG_WARN_UNREACHABLE_CODE = YES;
				CLANG_WARN__DUPLICATE_METHOD_MATCH = YES;
				"CODE_SIGN_IDENTITY[sdk=iphoneos*]" = "iPhone Developer";
				COPY_PHASE_STRIP = NO;
				DEBUG_INFORMATION_FORMAT = dwarf;
				ENABLE_BITCODE = NO;
				ENABLE_STRICT_OBJC_MSGSEND = YES;
				ENABLE_TESTABILITY = YES;
				GCC_C_LANGUAGE_STANDARD = gnu99;
				GCC_DYNAMIC_NO_PIC = NO;
				GCC_NO_COMMON_BLOCKS = YES;
				GCC_OPTIMIZATION_LEVEL = 0;
				GCC_PREPROCESSOR_DEFINITIONS = (
					"DEBUG=1",
					"$(inherited)",
				);
				GCC_WARN_64_TO_32_BIT_CONVERSION = YES;
				GCC_WARN_ABOUT_RETURN_TYPE = YES_ERROR;
				GCC_WARN_UNDECLARED_SELECTOR = YES;
				GCC_WARN_UNINITIALIZED_AUTOS = YES_AGGRESSIVE;
				GCC_WARN_UNUSED_FUNCTION = YES;
				GCC_WARN_UNUSED_VARIABLE = YES;
				IPHONEOS_DEPLOYMENT_TARGET = 10.0;
				MTL_ENABLE_DEBUG_INFO = YES;
				ONLY_ACTIVE_ARCH = YES;
				SDKROOT = iphoneos;
				SWIFT_ACTIVE_COMPILATION_CONDITIONS = DEBUG;
				SWIFT_OPTIMIZATION_LEVEL = "-Onone";
				TARGETED_DEVICE_FAMILY = "1,2";
			};
			name = Debug;
		};
		86985CDC1E834EC200577EC7 /* Release */ = {
			isa = XCBuildConfiguration;
			buildSettings = {
				ALWAYS_SEARCH_USER_PATHS = NO;
				CLANG_ALLOW_NON_MODULAR_INCLUDES_IN_FRAMEWORK_MODULES = YES;
				CLANG_ANALYZER_NONNULL = YES;
				CLANG_CXX_LANGUAGE_STANDARD = "gnu++0x";
				CLANG_CXX_LIBRARY = "libc++";
				CLANG_ENABLE_MODULES = YES;
				CLANG_ENABLE_OBJC_ARC = YES;
				CLANG_WARN_BOOL_CONVERSION = YES;
				CLANG_WARN_CONSTANT_CONVERSION = YES;
				CLANG_WARN_DIRECT_OBJC_ISA_USAGE = YES_ERROR;
				CLANG_WARN_DOCUMENTATION_COMMENTS = YES;
				CLANG_WARN_EMPTY_BODY = YES;
				CLANG_WARN_ENUM_CONVERSION = YES;
				CLANG_WARN_INFINITE_RECURSION = YES;
				CLANG_WARN_INT_CONVERSION = YES;
				CLANG_WARN_OBJC_ROOT_CLASS = YES_ERROR;
				CLANG_WARN_SUSPICIOUS_MOVE = YES;
				CLANG_WARN_UNREACHABLE_CODE = YES;
				CLANG_WARN__DUPLICATE_METHOD_MATCH = YES;
				"CODE_SIGN_IDENTITY[sdk=iphoneos*]" = "iPhone Developer";
				COPY_PHASE_STRIP = NO;
				DEBUG_INFORMATION_FORMAT = "dwarf-with-dsym";
				ENABLE_BITCODE = NO;
				ENABLE_NS_ASSERTIONS = NO;
				ENABLE_STRICT_OBJC_MSGSEND = YES;
				GCC_C_LANGUAGE_STANDARD = gnu99;
				GCC_NO_COMMON_BLOCKS = YES;
				GCC_WARN_64_TO_32_BIT_CONVERSION = YES;
				GCC_WARN_ABOUT_RETURN_TYPE = YES_ERROR;
				GCC_WARN_UNDECLARED_SELECTOR = YES;
				GCC_WARN_UNINITIALIZED_AUTOS = YES_AGGRESSIVE;
				GCC_WARN_UNUSED_FUNCTION = YES;
				GCC_WARN_UNUSED_VARIABLE = YES;
				IPHONEOS_DEPLOYMENT_TARGET = 10.0;
				MTL_ENABLE_DEBUG_INFO = NO;
				SDKROOT = iphoneos;
				SWIFT_OPTIMIZATION_LEVEL = "-Owholemodule";
				TARGETED_DEVICE_FAMILY = "1,2";
				VALIDATE_PRODUCT = YES;
			};
			name = Release;
		};
		86985CDE1E834EC200577EC7 /* Debug */ = {
			isa = XCBuildConfiguration;
			baseConfigurationReference = 732A7A3F73F66CAD280116FA /* Pods-DJISDKSwiftDemo.debug.xcconfig */;
			buildSettings = {
				ASSETCATALOG_COMPILER_APPICON_NAME = AppIcon;
				CLANG_ALLOW_NON_MODULAR_INCLUDES_IN_FRAMEWORK_MODULES = YES;
				DEVELOPMENT_TEAM = 9298L72H97;
				ENABLE_BITCODE = NO;
				FRAMEWORK_SEARCH_PATHS = (
					"$(inherited)",
					"$(PROJECT_DIR)/../DJIWidget",
					"\"$(SRCROOT)/../DJIWidget/FFmpeg\"",
				);
				HEADER_SEARCH_PATHS = "";
				INFOPLIST_FILE = "$(SRCROOT)/DJISDKSwiftDemo/Info.plist";
				IPHONEOS_DEPLOYMENT_TARGET = 9.0;
				LD_RUNPATH_SEARCH_PATHS = "$(inherited) @executable_path/Frameworks";
				LIBRARY_SEARCH_PATHS = "$(inherited)";
				PRODUCT_BUNDLE_IDENTIFIER = com.indro.dataCommunication;
				PRODUCT_NAME = "$(TARGET_NAME)";
				SWIFT_VERSION = 3.0;
			};
			name = Debug;
		};
		86985CDF1E834EC200577EC7 /* Release */ = {
			isa = XCBuildConfiguration;
			baseConfigurationReference = 01FEF4543333DD2E34BDA196 /* Pods-DJISDKSwiftDemo.release.xcconfig */;
			buildSettings = {
				ASSETCATALOG_COMPILER_APPICON_NAME = AppIcon;
				CLANG_ALLOW_NON_MODULAR_INCLUDES_IN_FRAMEWORK_MODULES = YES;
				DEVELOPMENT_TEAM = 9298L72H97;
				ENABLE_BITCODE = NO;
				FRAMEWORK_SEARCH_PATHS = (
					"$(inherited)",
					"$(PROJECT_DIR)/../DJIWidget",
					"\"$(SRCROOT)/../DJIWidget/FFmpeg\"",
				);
				HEADER_SEARCH_PATHS = "";
				INFOPLIST_FILE = "$(SRCROOT)/DJISDKSwiftDemo/Info.plist";
				IPHONEOS_DEPLOYMENT_TARGET = 9.0;
				LD_RUNPATH_SEARCH_PATHS = "$(inherited) @executable_path/Frameworks";
				LIBRARY_SEARCH_PATHS = "$(inherited)";
				PRODUCT_BUNDLE_IDENTIFIER = com.indro.dataCommunication;
				PRODUCT_NAME = "$(TARGET_NAME)";
				SWIFT_VERSION = 3.0;
			};
			name = Release;
		};
/* End XCBuildConfiguration section */

/* Begin XCConfigurationList section */
		86985CC41E834EC200577EC7 /* Build configuration list for PBXProject "DJISDKSwiftDemo" */ = {
			isa = XCConfigurationList;
			buildConfigurations = (
				86985CDB1E834EC200577EC7 /* Debug */,
				86985CDC1E834EC200577EC7 /* Release */,
			);
			defaultConfigurationIsVisible = 0;
			defaultConfigurationName = Release;
		};
		86985CDD1E834EC200577EC7 /* Build configuration list for PBXNativeTarget "DJISDKSwiftDemo" */ = {
			isa = XCConfigurationList;
			buildConfigurations = (
				86985CDE1E834EC200577EC7 /* Debug */,
				86985CDF1E834EC200577EC7 /* Release */,
			);
			defaultConfigurationIsVisible = 0;
			defaultConfigurationName = Release;
		};
/* End XCConfigurationList section */
	};
	rootObject = 86985CC11E834EC200577EC7 /* Project object */;
}
